// !$*UTF8*$!
{
	archiveVersion = 1;
	classes = {
	};
	objectVersion = 50;
	objects = {

/* Begin PBXBuildFile section */
		09530F6425DAE28500ECB363 /* ConversionViewController.swift in Sources */ = {isa = PBXBuildFile; fileRef = 09530F6325DAE28500ECB363 /* ConversionViewController.swift */; };
		09530F6725DE1BA700ECB363 /* MapKit.framework in Frameworks */ = {isa = PBXBuildFile; fileRef = 09530F6625DE1BA700ECB363 /* MapKit.framework */; };
		097ED02D25D7699F00B3B334 /* AppDelegate.swift in Sources */ = {isa = PBXBuildFile; fileRef = 097ED02C25D7699F00B3B334 /* AppDelegate.swift */; };
		097ED02F25D7699F00B3B334 /* SceneDelegate.swift in Sources */ = {isa = PBXBuildFile; fileRef = 097ED02E25D7699F00B3B334 /* SceneDelegate.swift */; };
		097ED03425D7699F00B3B334 /* Main.storyboard in Resources */ = {isa = PBXBuildFile; fileRef = 097ED03225D7699F00B3B334 /* Main.storyboard */; };
		097ED03625D769A200B3B334 /* Assets.xcassets in Resources */ = {isa = PBXBuildFile; fileRef = 097ED03525D769A200B3B334 /* Assets.xcassets */; };
		097ED03925D769A200B3B334 /* LaunchScreen.storyboard in Resources */ = {isa = PBXBuildFile; fileRef = 097ED03725D769A200B3B334 /* LaunchScreen.storyboard */; };
		097ED04425D769A200B3B334 /* WorldTrotterTests.swift in Sources */ = {isa = PBXBuildFile; fileRef = 097ED04325D769A200B3B334 /* WorldTrotterTests.swift */; };
		097ED04F25D769A200B3B334 /* WorldTrotterUITests.swift in Sources */ = {isa = PBXBuildFile; fileRef = 097ED04E25D769A200B3B334 /* WorldTrotterUITests.swift */; };
/* End PBXBuildFile section */

/* Begin PBXContainerItemProxy section */
		097ED04025D769A200B3B334 /* PBXContainerItemProxy */ = {
			isa = PBXContainerItemProxy;
			containerPortal = 097ED02125D7699F00B3B334 /* Project object */;
			proxyType = 1;
			remoteGlobalIDString = 097ED02825D7699F00B3B334;
			remoteInfo = WorldTrotter;
		};
		097ED04B25D769A200B3B334 /* PBXContainerItemProxy */ = {
			isa = PBXContainerItemProxy;
			containerPortal = 097ED02125D7699F00B3B334 /* Project object */;
			proxyType = 1;
			remoteGlobalIDString = 097ED02825D7699F00B3B334;
			remoteInfo = WorldTrotter;
		};
/* End PBXContainerItemProxy section */

/* Begin PBXFileReference section */
		09530F6325DAE28500ECB363 /* ConversionViewController.swift */ = {isa = PBXFileReference; lastKnownFileType = sourcecode.swift; path = ConversionViewController.swift; sourceTree = "<group>"; };
		09530F6625DE1BA700ECB363 /* MapKit.framework */ = {isa = PBXFileReference; lastKnownFileType = wrapper.framework; name = MapKit.framework; path = System/Library/Frameworks/MapKit.framework; sourceTree = SDKROOT; };
		097ED02925D7699F00B3B334 /* WorldTrotter.app */ = {isa = PBXFileReference; explicitFileType = wrapper.application; includeInIndex = 0; path = WorldTrotter.app; sourceTree = BUILT_PRODUCTS_DIR; };
		097ED02C25D7699F00B3B334 /* AppDelegate.swift */ = {isa = PBXFileReference; lastKnownFileType = sourcecode.swift; path = AppDelegate.swift; sourceTree = "<group>"; };
		097ED02E25D7699F00B3B334 /* SceneDelegate.swift */ = {isa = PBXFileReference; lastKnownFileType = sourcecode.swift; path = SceneDelegate.swift; sourceTree = "<group>"; };
		097ED03325D7699F00B3B334 /* Base */ = {isa = PBXFileReference; lastKnownFileType = file.storyboard; name = Base; path = Base.lproj/Main.storyboard; sourceTree = "<group>"; };
		097ED03525D769A200B3B334 /* Assets.xcassets */ = {isa = PBXFileReference; lastKnownFileType = folder.assetcatalog; path = Assets.xcassets; sourceTree = "<group>"; };
		097ED03825D769A200B3B334 /* Base */ = {isa = PBXFileReference; lastKnownFileType = file.storyboard; name = Base; path = Base.lproj/LaunchScreen.storyboard; sourceTree = "<group>"; };
		097ED03A25D769A200B3B334 /* Info.plist */ = {isa = PBXFileReference; lastKnownFileType = text.plist.xml; path = Info.plist; sourceTree = "<group>"; };
		097ED03F25D769A200B3B334 /* WorldTrotterTests.xctest */ = {isa = PBXFileReference; explicitFileType = wrapper.cfbundle; includeInIndex = 0; path = WorldTrotterTests.xctest; sourceTree = BUILT_PRODUCTS_DIR; };
		097ED04325D769A200B3B334 /* WorldTrotterTests.swift */ = {isa = PBXFileReference; lastKnownFileType = sourcecode.swift; path = WorldTrotterTests.swift; sourceTree = "<group>"; };
		097ED04525D769A200B3B334 /* Info.plist */ = {isa = PBXFileReference; lastKnownFileType = text.plist.xml; path = Info.plist; sourceTree = "<group>"; };
		097ED04A25D769A200B3B334 /* WorldTrotterUITests.xctest */ = {isa = PBXFileReference; explicitFileType = wrapper.cfbundle; includeInIndex = 0; path = WorldTrotterUITests.xctest; sourceTree = BUILT_PRODUCTS_DIR; };
		097ED04E25D769A200B3B334 /* WorldTrotterUITests.swift */ = {isa = PBXFileReference; lastKnownFileType = sourcecode.swift; path = WorldTrotterUITests.swift; sourceTree = "<group>"; };
		097ED05025D769A200B3B334 /* Info.plist */ = {isa = PBXFileReference; lastKnownFileType = text.plist.xml; path = Info.plist; sourceTree = "<group>"; };
/* End PBXFileReference section */

/* Begin PBXFrameworksBuildPhase section */
		097ED02625D7699F00B3B334 /* Frameworks */ = {
			isa = PBXFrameworksBuildPhase;
			buildActionMask = 2147483647;
			files = (
				09530F6725DE1BA700ECB363 /* MapKit.framework in Frameworks */,
			);
			runOnlyForDeploymentPostprocessing = 0;
		};
		097ED03C25D769A200B3B334 /* Frameworks */ = {
			isa = PBXFrameworksBuildPhase;
			buildActionMask = 2147483647;
			files = (
			);
			runOnlyForDeploymentPostprocessing = 0;
		};
		097ED04725D769A200B3B334 /* Frameworks */ = {
			isa = PBXFrameworksBuildPhase;
			buildActionMask = 2147483647;
			files = (
			);
			runOnlyForDeploymentPostprocessing = 0;
		};
/* End PBXFrameworksBuildPhase section */

/* Begin PBXGroup section */
		09530F6525DE1BA700ECB363 /* Frameworks */ = {
			isa = PBXGroup;
			children = (
				09530F6625DE1BA700ECB363 /* MapKit.framework */,
			);
			name = Frameworks;
			sourceTree = "<group>";
		};
		097ED02025D7699F00B3B334 = {
			isa = PBXGroup;
			children = (
				097ED02B25D7699F00B3B334 /* WorldTrotter */,
				097ED04225D769A200B3B334 /* WorldTrotterTests */,
				097ED04D25D769A200B3B334 /* WorldTrotterUITests */,
				097ED02A25D7699F00B3B334 /* Products */,
				09530F6525DE1BA700ECB363 /* Frameworks */,
			);
			sourceTree = "<group>";
		};
		097ED02A25D7699F00B3B334 /* Products */ = {
			isa = PBXGroup;
			children = (
				097ED02925D7699F00B3B334 /* WorldTrotter.app */,
				097ED03F25D769A200B3B334 /* WorldTrotterTests.xctest */,
				097ED04A25D769A200B3B334 /* WorldTrotterUITests.xctest */,
			);
			name = Products;
			sourceTree = "<group>";
		};
		097ED02B25D7699F00B3B334 /* WorldTrotter */ = {
			isa = PBXGroup;
			children = (
				097ED02C25D7699F00B3B334 /* AppDelegate.swift */,
				097ED02E25D7699F00B3B334 /* SceneDelegate.swift */,
				09530F6325DAE28500ECB363 /* ConversionViewController.swift */,
				097ED03225D7699F00B3B334 /* Main.storyboard */,
				097ED03525D769A200B3B334 /* Assets.xcassets */,
				097ED03725D769A200B3B334 /* LaunchScreen.storyboard */,
				097ED03A25D769A200B3B334 /* Info.plist */,
			);
			path = WorldTrotter;
			sourceTree = "<group>";
		};
		097ED04225D769A200B3B334 /* WorldTrotterTests */ = {
			isa = PBXGroup;
			children = (
				097ED04325D769A200B3B334 /* WorldTrotterTests.swift */,
				097ED04525D769A200B3B334 /* Info.plist */,
			);
			path = WorldTrotterTests;
			sourceTree = "<group>";
		};
		097ED04D25D769A200B3B334 /* WorldTrotterUITests */ = {
			isa = PBXGroup;
			children = (
				097ED04E25D769A200B3B334 /* WorldTrotterUITests.swift */,
				097ED05025D769A200B3B334 /* Info.plist */,
			);
			path = WorldTrotterUITests;
			sourceTree = "<group>";
		};
/* End PBXGroup section */

/* Begin PBXNativeTarget section */
		097ED02825D7699F00B3B334 /* WorldTrotter */ = {
			isa = PBXNativeTarget;
			buildConfigurationList = 097ED05325D769A200B3B334 /* Build configuration list for PBXNativeTarget "WorldTrotter" */;
			buildPhases = (
				097ED02525D7699F00B3B334 /* Sources */,
				097ED02625D7699F00B3B334 /* Frameworks */,
				097ED02725D7699F00B3B334 /* Resources */,
			);
			buildRules = (
			);
			dependencies = (
			);
			name = WorldTrotter;
			productName = WorldTrotter;
			productReference = 097ED02925D7699F00B3B334 /* WorldTrotter.app */;
			productType = "com.apple.product-type.application";
		};
		097ED03E25D769A200B3B334 /* WorldTrotterTests */ = {
			isa = PBXNativeTarget;
			buildConfigurationList = 097ED05625D769A200B3B334 /* Build configuration list for PBXNativeTarget "WorldTrotterTests" */;
			buildPhases = (
				097ED03B25D769A200B3B334 /* Sources */,
				097ED03C25D769A200B3B334 /* Frameworks */,
				097ED03D25D769A200B3B334 /* Resources */,
			);
			buildRules = (
			);
			dependencies = (
				097ED04125D769A200B3B334 /* PBXTargetDependency */,
			);
			name = WorldTrotterTests;
			productName = WorldTrotterTests;
			productReference = 097ED03F25D769A200B3B334 /* WorldTrotterTests.xctest */;
			productType = "com.apple.product-type.bundle.unit-test";
		};
		097ED04925D769A200B3B334 /* WorldTrotterUITests */ = {
			isa = PBXNativeTarget;
			buildConfigurationList = 097ED05925D769A200B3B334 /* Build configuration list for PBXNativeTarget "WorldTrotterUITests" */;
			buildPhases = (
				097ED04625D769A200B3B334 /* Sources */,
				097ED04725D769A200B3B334 /* Frameworks */,
				097ED04825D769A200B3B334 /* Resources */,
			);
			buildRules = (
			);
			dependencies = (
				097ED04C25D769A200B3B334 /* PBXTargetDependency */,
			);
			name = WorldTrotterUITests;
			productName = WorldTrotterUITests;
			productReference = 097ED04A25D769A200B3B334 /* WorldTrotterUITests.xctest */;
			productType = "com.apple.product-type.bundle.ui-testing";
		};
/* End PBXNativeTarget section */

/* Begin PBXProject section */
		097ED02125D7699F00B3B334 /* Project object */ = {
			isa = PBXProject;
			attributes = {
				LastSwiftUpdateCheck = 1160;
				LastUpgradeCheck = 1160;
				ORGANIZATIONNAME = "The Fahey Projects";
				TargetAttributes = {
					097ED02825D7699F00B3B334 = {
						CreatedOnToolsVersion = 11.6;
					};
					097ED03E25D769A200B3B334 = {
						CreatedOnToolsVersion = 11.6;
						TestTargetID = 097ED02825D7699F00B3B334;
					};
					097ED04925D769A200B3B334 = {
						CreatedOnToolsVersion = 11.6;
						TestTargetID = 097ED02825D7699F00B3B334;
					};
				};
			};
			buildConfigurationList = 097ED02425D7699F00B3B334 /* Build configuration list for PBXProject "WorldTrotter" */;
			compatibilityVersion = "Xcode 9.3";
			developmentRegion = en;
			hasScannedForEncodings = 0;
			knownRegions = (
				en,
				Base,
			);
			mainGroup = 097ED02025D7699F00B3B334;
			productRefGroup = 097ED02A25D7699F00B3B334 /* Products */;
			projectDirPath = "";
			projectRoot = "";
			targets = (
				097ED02825D7699F00B3B334 /* WorldTrotter */,
				097ED03E25D769A200B3B334 /* WorldTrotterTests */,
				097ED04925D769A200B3B334 /* WorldTrotterUITests */,
			);
		};
/* End PBXProject section */

/* Begin PBXResourcesBuildPhase section */
		097ED02725D7699F00B3B334 /* Resources */ = {
			isa = PBXResourcesBuildPhase;
			buildActionMask = 2147483647;
			files = (
				097ED03925D769A200B3B334 /* LaunchScreen.storyboard in Resources */,
				097ED03625D769A200B3B334 /* Assets.xcassets in Resources */,
				097ED03425D7699F00B3B334 /* Main.storyboard in Resources */,
			);
			runOnlyForDeploymentPostprocessing = 0;
		};
		097ED03D25D769A200B3B334 /* Resources */ = {
			isa = PBXResourcesBuildPhase;
			buildActionMask = 2147483647;
			files = (
			);
			runOnlyForDeploymentPostprocessing = 0;
		};
		097ED04825D769A200B3B334 /* Resources */ = {
			isa = PBXResourcesBuildPhase;
			buildActionMask = 2147483647;
			files = (
			);
			runOnlyForDeploymentPostprocessing = 0;
		};
/* End PBXResourcesBuildPhase section */

/* Begin PBXSourcesBuildPhase section */
		097ED02525D7699F00B3B334 /* Sources */ = {
			isa = PBXSourcesBuildPhase;
			buildActionMask = 2147483647;
			files = (
				097ED02D25D7699F00B3B334 /* AppDelegate.swift in Sources */,
				09530F6425DAE28500ECB363 /* ConversionViewController.swift in Sources */,
				097ED02F25D7699F00B3B334 /* SceneDelegate.swift in Sources */,
			);
			runOnlyForDeploymentPostprocessing = 0;
		};
		097ED03B25D769A200B3B334 /* Sources */ = {
			isa = PBXSourcesBuildPhase;
			buildActionMask = 2147483647;
			files = (
				097ED04425D769A200B3B334 /* WorldTrotterTests.swift in Sources */,
			);
			runOnlyForDeploymentPostprocessing = 0;
		};
		097ED04625D769A200B3B334 /* Sources */ = {
			isa = PBXSourcesBuildPhase;
			buildActionMask = 2147483647;
			files = (
				097ED04F25D769A200B3B334 /* WorldTrotterUITests.swift in Sources */,
			);
			runOnlyForDeploymentPostprocessing = 0;
		};
/* End PBXSourcesBuildPhase section */

/* Begin PBXTargetDependency section */
		097ED04125D769A200B3B334 /* PBXTargetDependency */ = {
			isa = PBXTargetDependency;
			target = 097ED02825D7699F00B3B334 /* WorldTrotter */;
			targetProxy = 097ED04025D769A200B3B334 /* PBXContainerItemProxy */;
		};
		097ED04C25D769A200B3B334 /* PBXTargetDependency */ = {
			isa = PBXTargetDependency;
			target = 097ED02825D7699F00B3B334 /* WorldTrotter */;
			targetProxy = 097ED04B25D769A200B3B334 /* PBXContainerItemProxy */;
		};
/* End PBXTargetDependency section */

/* Begin PBXVariantGroup section */
		097ED03225D7699F00B3B334 /* Main.storyboard */ = {
			isa = PBXVariantGroup;
			children = (
				097ED03325D7699F00B3B334 /* Base */,
			);
			name = Main.storyboard;
			sourceTree = "<group>";
		};
		097ED03725D769A200B3B334 /* LaunchScreen.storyboard */ = {
			isa = PBXVariantGroup;
			children = (
				097ED03825D769A200B3B334 /* Base */,
			);
			name = LaunchScreen.storyboard;
			sourceTree = "<group>";
		};
/* End PBXVariantGroup section */

/* Begin XCBuildConfiguration section */
		097ED05125D769A200B3B334 /* Debug */ = {
			isa = XCBuildConfiguration;
			buildSettings = {
				ALWAYS_SEARCH_USER_PATHS = NO;
				CLANG_ANALYZER_NONNULL = YES;
				CLANG_ANALYZER_NUMBER_OBJECT_CONVERSION = YES_AGGRESSIVE;
				CLANG_CXX_LANGUAGE_STANDARD = "gnu++14";
				CLANG_CXX_LIBRARY = "libc++";
				CLANG_ENABLE_MODULES = YES;
				CLANG_ENABLE_OBJC_ARC = YES;
				CLANG_ENABLE_OBJC_WEAK = YES;
				CLANG_WARN_BLOCK_CAPTURE_AUTORELEASING = YES;
				CLANG_WARN_BOOL_CONVERSION = YES;
				CLANG_WARN_COMMA = YES;
				CLANG_WARN_CONSTANT_CONVERSION = YES;
				CLANG_WARN_DEPRECATED_OBJC_IMPLEMENTATIONS = YES;
				CLANG_WARN_DIRECT_OBJC_ISA_USAGE = YES_ERROR;
				CLANG_WARN_DOCUMENTATION_COMMENTS = YES;
				CLANG_WARN_EMPTY_BODY = YES;
				CLANG_WARN_ENUM_CONVERSION = YES;
				CLANG_WARN_INFINITE_RECURSION = YES;
				CLANG_WARN_INT_CONVERSION = YES;
				CLANG_WARN_NON_LITERAL_NULL_CONVERSION = YES;
				CLANG_WARN_OBJC_IMPLICIT_RETAIN_SELF = YES;
				CLANG_WARN_OBJC_LITERAL_CONVERSION = YES;
				CLANG_WARN_OBJC_ROOT_CLASS = YES_ERROR;
				CLANG_WARN_RANGE_LOOP_ANALYSIS = YES;
				CLANG_WARN_STRICT_PROTOTYPES = YES;
				CLANG_WARN_SUSPICIOUS_MOVE = YES;
				CLANG_WARN_UNGUARDED_AVAILABILITY = YES_AGGRESSIVE;
				CLANG_WARN_UNREACHABLE_CODE = YES;
				CLANG_WARN__DUPLICATE_METHOD_MATCH = YES;
				COPY_PHASE_STRIP = NO;
				DEBUG_INFORMATION_FORMAT = dwarf;
				ENABLE_STRICT_OBJC_MSGSEND = YES;
				ENABLE_TESTABILITY = YES;
				GCC_C_LANGUAGE_STANDARD = gnu11;
				GCC_DYNAMIC_NO_PIC = NO;
				GCC_NO_COMMON_BLOCKS = YES;
				GCC_OPTIMIZATION_LEVEL = 0;
				GCC_PREPROCESSOR_DEFINITIONS = (
					"DEBUG=1",
					"$(inherited)",
				);
				GCC_WARN_64_TO_32_BIT_CONVERSION = YES;
				GCC_WARN_ABOUT_RETURN_TYPE = YES_ERROR;
				GCC_WARN_UNDECLARED_SELECTOR = YES;
				GCC_WARN_UNINITIALIZED_AUTOS = YES_AGGRESSIVE;
				GCC_WARN_UNUSED_FUNCTION = YES;
				GCC_WARN_UNUSED_VARIABLE = YES;
				IPHONEOS_DEPLOYMENT_TARGET = 13.6;
				MTL_ENABLE_DEBUG_INFO = INCLUDE_SOURCE;
				MTL_FAST_MATH = YES;
				ONLY_ACTIVE_ARCH = YES;
				SDKROOT = iphoneos;
				SWIFT_ACTIVE_COMPILATION_CONDITIONS = DEBUG;
				SWIFT_OPTIMIZATION_LEVEL = "-Onone";
			};
			name = Debug;
		};
		097ED05225D769A200B3B334 /* Release */ = {
			isa = XCBuildConfiguration;
			buildSettings = {
				ALWAYS_SEARCH_USER_PATHS = NO;
				CLANG_ANALYZER_NONNULL = YES;
				CLANG_ANALYZER_NUMBER_OBJECT_CONVERSION = YES_AGGRESSIVE;
				CLANG_CXX_LANGUAGE_STANDARD = "gnu++14";
				CLANG_CXX_LIBRARY = "libc++";
				CLANG_ENABLE_MODULES = YES;
				CLANG_ENABLE_OBJC_ARC = YES;
				CLANG_ENABLE_OBJC_WEAK = YES;
				CLANG_WARN_BLOCK_CAPTURE_AUTORELEASING = YES;
				CLANG_WARN_BOOL_CONVERSION = YES;
				CLANG_WARN_COMMA = YES;
				CLANG_WARN_CONSTANT_CONVERSION = YES;
				CLANG_WARN_DEPRECATED_OBJC_IMPLEMENTATIONS = YES;
				CLANG_WARN_DIRECT_OBJC_ISA_USAGE = YES_ERROR;
				CLANG_WARN_DOCUMENTATION_COMMENTS = YES;
				CLANG_WARN_EMPTY_BODY = YES;
				CLANG_WARN_ENUM_CONVERSION = YES;
				CLANG_WARN_INFINITE_RECURSION = YES;
				CLANG_WARN_INT_CONVERSION = YES;
				CLANG_WARN_NON_LITERAL_NULL_CONVERSION = YES;
				CLANG_WARN_OBJC_IMPLICIT_RETAIN_SELF = YES;
				CLANG_WARN_OBJC_LITERAL_CONVERSION = YES;
				CLANG_WARN_OBJC_ROOT_CLASS = YES_ERROR;
				CLANG_WARN_RANGE_LOOP_ANALYSIS = YES;
				CLANG_WARN_STRICT_PROTOTYPES = YES;
				CLANG_WARN_SUSPICIOUS_MOVE = YES;
				CLANG_WARN_UNGUARDED_AVAILABILITY = YES_AGGRESSIVE;
				CLANG_WARN_UNREACHABLE_CODE = YES;
				CLANG_WARN__DUPLICATE_METHOD_MATCH = YES;
				COPY_PHASE_STRIP = NO;
				DEBUG_INFORMATION_FORMAT = "dwarf-with-dsym";
				ENABLE_NS_ASSERTIONS = NO;
				ENABLE_STRICT_OBJC_MSGSEND = YES;
				GCC_C_LANGUAGE_STANDARD = gnu11;
				GCC_NO_COMMON_BLOCKS = YES;
				GCC_WARN_64_TO_32_BIT_CONVERSION = YES;
				GCC_WARN_ABOUT_RETURN_TYPE = YES_ERROR;
				GCC_WARN_UNDECLARED_SELECTOR = YES;
				GCC_WARN_UNINITIALIZED_AUTOS = YES_AGGRESSIVE;
				GCC_WARN_UNUSED_FUNCTION = YES;
				GCC_WARN_UNUSED_VARIABLE = YES;
				IPHONEOS_DEPLOYMENT_TARGET = 13.6;
				MTL_ENABLE_DEBUG_INFO = NO;
				MTL_FAST_MATH = YES;
				SDKROOT = iphoneos;
				SWIFT_COMPILATION_MODE = wholemodule;
				SWIFT_OPTIMIZATION_LEVEL = "-O";
				VALIDATE_PRODUCT = YES;
			};
			name = Release;
		};
		097ED05425D769A200B3B334 /* Debug */ = {
			isa = XCBuildConfiguration;
			buildSettings = {
				ASSETCATALOG_COMPILER_APPICON_NAME = AppIcon;
				CODE_SIGN_STYLE = Automatic;
				DEVELOPMENT_TEAM = 3864K64PH2;
				INFOPLIST_FILE = WorldTrotter/Info.plist;
				LD_RUNPATH_SEARCH_PATHS = (
					"$(inherited)",
					"@executable_path/Frameworks",
				);
				PRODUCT_BUNDLE_IDENTIFIER = com.thefaheyprojects.WorldTrotter;
				PRODUCT_NAME = "$(TARGET_NAME)";
				SWIFT_VERSION = 5.0;
				TARGETED_DEVICE_FAMILY = "1,2";
			};
			name = Debug;
		};
		097ED05525D769A200B3B334 /* Release */ = {
			isa = XCBuildConfiguration;
			buildSettings = {
				ASSETCATALOG_COMPILER_APPICON_NAME = AppIcon;
				CODE_SIGN_STYLE = Automatic;
				DEVELOPMENT_TEAM = 3864K64PH2;
				INFOPLIST_FILE = WorldTrotter/Info.plist;
				LD_RUNPATH_SEARCH_PATHS = (
					"$(inherited)",
					"@executable_path/Frameworks",
				);
				PRODUCT_BUNDLE_IDENTIFIER = com.thefaheyprojects.WorldTrotter;
				PRODUCT_NAME = "$(TARGET_NAME)";
				SWIFT_VERSION = 5.0;
				TARGETED_DEVICE_FAMILY = "1,2";
			};
			name = Release;
		};
		097ED05725D769A200B3B334 /* Debug */ = {
			isa = XCBuildConfiguration;
			buildSettings = {
				ALWAYS_EMBED_SWIFT_STANDARD_LIBRARIES = YES;
				BUNDLE_LOADER = "$(TEST_HOST)";
				CODE_SIGN_STYLE = Automatic;
				DEVELOPMENT_TEAM = 3864K64PH2;
				INFOPLIST_FILE = WorldTrotterTests/Info.plist;
				IPHONEOS_DEPLOYMENT_TARGET = 13.6;
				LD_RUNPATH_SEARCH_PATHS = (
					"$(inherited)",
					"@executable_path/Frameworks",
					"@loader_path/Frameworks",
				);
				PRODUCT_BUNDLE_IDENTIFIER = com.thefaheyprojects.WorldTrotterTests;
				PRODUCT_NAME = "$(TARGET_NAME)";
				SWIFT_VERSION = 5.0;
				TARGETED_DEVICE_FAMILY = "1,2";
				TEST_HOST = "$(BUILT_PRODUCTS_DIR)/WorldTrotter.app/WorldTrotter";
			};
			name = Debug;
		};
		097ED05825D769A200B3B334 /* Release */ = {
			isa = XCBuildConfiguration;
			buildSettings = {
				ALWAYS_EMBED_SWIFT_STANDARD_LIBRARIES = YES;
				BUNDLE_LOADER = "$(TEST_HOST)";
				CODE_SIGN_STYLE = Automatic;
				DEVELOPMENT_TEAM = 3864K64PH2;
				INFOPLIST_FILE = WorldTrotterTests/Info.plist;
				IPHONEOS_DEPLOYMENT_TARGET = 13.6;
				LD_RUNPATH_SEARCH_PATHS = (
					"$(inherited)",
					"@executable_path/Frameworks",
					"@loader_path/Frameworks",
				);
				PRODUCT_BUNDLE_IDENTIFIER = com.thefaheyprojects.WorldTrotterTests;
				PRODUCT_NAME = "$(TARGET_NAME)";
				SWIFT_VERSION = 5.0;
				TARGETED_DEVICE_FAMILY = "1,2";
				TEST_HOST = "$(BUILT_PRODUCTS_DIR)/WorldTrotter.app/WorldTrotter";
			};
			name = Release;
		};
		097ED05A25D769A200B3B334 /* Debug */ = {
			isa = XCBuildConfiguration;
			buildSettings = {
				ALWAYS_EMBED_SWIFT_STANDARD_LIBRARIES = YES;
				CODE_SIGN_STYLE = Automatic;
				DEVELOPMENT_TEAM = 3864K64PH2;
				INFOPLIST_FILE = WorldTrotterUITests/Info.plist;
				LD_RUNPATH_SEARCH_PATHS = (
					"$(inherited)",
					"@executable_path/Frameworks",
					"@loader_path/Frameworks",
				);
				PRODUCT_BUNDLE_IDENTIFIER = com.thefaheyprojects.WorldTrotterUITests;
				PRODUCT_NAME = "$(TARGET_NAME)";
				SWIFT_VERSION = 5.0;
				TARGETED_DEVICE_FAMILY = "1,2";
				TEST_TARGET_NAME = WorldTrotter;
			};
			name = Debug;
		};
		097ED05B25D769A200B3B334 /* Release */ = {
			isa = XCBuildConfiguration;
			buildSettings = {
				ALWAYS_EMBED_SWIFT_STANDARD_LIBRARIES = YES;
				CODE_SIGN_STYLE = Automatic;
				DEVELOPMENT_TEAM = 3864K64PH2;
				INFOPLIST_FILE = WorldTrotterUITests/Info.plist;
				LD_RUNPATH_SEARCH_PATHS = (
					"$(inherited)",
					"@executable_path/Frameworks",
					"@loader_path/Frameworks",
				);
				PRODUCT_BUNDLE_IDENTIFIER = com.thefaheyprojects.WorldTrotterUITests;
				PRODUCT_NAME = "$(TARGET_NAME)";
				SWIFT_VERSION = 5.0;
				TARGETED_DEVICE_FAMILY = "1,2";
				TEST_TARGET_NAME = WorldTrotter;
			};
			name = Release;
		};
/* End XCBuildConfiguration section */

/* Begin XCConfigurationList section */
		097ED02425D7699F00B3B334 /* Build configuration list for PBXProject "WorldTrotter" */ = {
			isa = XCConfigurationList;
			buildConfigurations = (
				097ED05125D769A200B3B334 /* Debug */,
				097ED05225D769A200B3B334 /* Release */,
			);
			defaultConfigurationIsVisible = 0;
			defaultConfigurationName = Release;
		};
		097ED05325D769A200B3B334 /* Build configuration list for PBXNativeTarget "WorldTrotter" */ = {
			isa = XCConfigurationList;
			buildConfigurations = (
				097ED05425D769A200B3B334 /* Debug */,
				097ED05525D769A200B3B334 /* Release */,
			);
			defaultConfigurationIsVisible = 0;
			defaultConfigurationName = Release;
		};
		097ED05625D769A200B3B334 /* Build configuration list for PBXNativeTarget "WorldTrotterTests" */ = {
			isa = XCConfigurationList;
			buildConfigurations = (
				097ED05725D769A200B3B334 /* Debug */,
				097ED05825D769A200B3B334 /* Release */,
			);
			defaultConfigurationIsVisible = 0;
			defaultConfigurationName = Release;
		};
		097ED05925D769A200B3B334 /* Build configuration list for PBXNativeTarget "WorldTrotterUITests" */ = {
			isa = XCConfigurationList;
			buildConfigurations = (
				097ED05A25D769A200B3B334 /* Debug */,
				097ED05B25D769A200B3B334 /* Release */,
			);
			defaultConfigurationIsVisible = 0;
			defaultConfigurationName = Release;
		};
/* End XCConfigurationList section */
	};
	rootObject = 097ED02125D7699F00B3B334 /* Project object */;
}
